
Microsoft Visual Studio Solution File, Format Version 12.00
# Visual Studio Version 17
VisualStudioVersion = 17.3.32819.101
MinimumVisualStudioVersion = 10.0.40219.1
Project("{FAE04EC0-301F-11D3-BF4B-00C04F79EFBC}") = "SDV502-Assessment-1", "SDV502-Assessment-1\SDV502-Assessment-1.csproj", "{22C61E68-ADDF-4D5B-982F-A74EA62AB77A}"
EndProject
Project("{FAE04EC0-301F-11D3-BF4B-00C04F79EFBC}") = "SDV502-Assessment-1-Unit-Test", "SDV502-Assessment-1-Unit-Test\SDV502-Assessment-1-Unit-Test.csproj", "{9721CEE6-6250-468C-91F7-838B80042763}"
EndProject
Global
	GlobalSection(SolutionConfigurationPlatforms) = preSolution
		Debug|Any CPU = Debug|Any CPU
		Release|Any CPU = Release|Any CPU
	EndGlobalSection
	GlobalSection(ProjectConfigurationPlatforms) = postSolution
		{22C61E68-ADDF-4D5B-982F-A74EA62AB77A}.Debug|Any CPU.ActiveCfg = Debug|Any CPU
		{22C61E68-ADDF-4D5B-982F-A74EA62AB77A}.Debug|Any CPU.Build.0 = Debug|Any CPU
		{22C61E68-ADDF-4D5B-982F-A74EA62AB77A}.Release|Any CPU.ActiveCfg = Release|Any CPU
		{22C61E68-ADDF-4D5B-982F-A74EA62AB77A}.Release|Any CPU.Build.0 = Release|Any CPU
		{9721CEE6-6250-468C-91F7-838B80042763}.Debug|Any CPU.ActiveCfg = Debug|Any CPU
		{9721CEE6-6250-468C-91F7-838B80042763}.Debug|Any CPU.Build.0 = Debug|Any CPU
		{9721CEE6-6250-468C-91F7-838B80042763}.Release|Any CPU.ActiveCfg = Release|Any CPU
		{9721CEE6-6250-468C-91F7-838B80042763}.Release|Any CPU.Build.0 = Release|Any CPU
	EndGlobalSection
	GlobalSection(SolutionProperties) = preSolution
		HideSolutionNode = FALSE
	EndGlobalSection
	GlobalSection(ExtensibilityGlobals) = postSolution
		SolutionGuid = {6A82F267-25DE-4A50-A72A-480728E4D94C}
	EndGlobalSection
EndGlobal
